// !$*UTF8*$!
{
	archiveVersion = 1;
	classes = {
	};
	objectVersion = 48;
	objects = {

/* Begin PBXBuildFile section */
		341A12451F1718F900795FC8 /* AppDelegate.swift in Sources */ = {isa = PBXBuildFile; fileRef = 341A12441F1718F900795FC8 /* AppDelegate.swift */; };
		341A124A1F1718F900795FC8 /* Main.storyboard in Resources */ = {isa = PBXBuildFile; fileRef = 341A12481F1718F900795FC8 /* Main.storyboard */; };
		341A124D1F1718F900795FC8 /* PopGames.xcdatamodeld in Sources */ = {isa = PBXBuildFile; fileRef = 341A124B1F1718F900795FC8 /* PopGames.xcdatamodeld */; };
		341A124F1F1718F900795FC8 /* Assets.xcassets in Resources */ = {isa = PBXBuildFile; fileRef = 341A124E1F1718F900795FC8 /* Assets.xcassets */; };
		341A12521F1718F900795FC8 /* LaunchScreen.storyboard in Resources */ = {isa = PBXBuildFile; fileRef = 341A12501F1718F900795FC8 /* LaunchScreen.storyboard */; };
		341A12811F171E3C00795FC8 /* ListGamesViewController.swift in Sources */ = {isa = PBXBuildFile; fileRef = 341A12801F171E3C00795FC8 /* ListGamesViewController.swift */; };
		343045A81F1A92C400BE6BBF /* GameEntity.swift in Sources */ = {isa = PBXBuildFile; fileRef = 343045A71F1A92C400BE6BBF /* GameEntity.swift */; };
		343045AF1F1A95F000BE6BBF /* TwitchDecodableTests.swift in Sources */ = {isa = PBXBuildFile; fileRef = 343045AE1F1A95F000BE6BBF /* TwitchDecodableTests.swift */; };
		343045B11F1A968600BE6BBF /* ListTopGamesSuccess.json in Resources */ = {isa = PBXBuildFile; fileRef = 343045B01F1A968600BE6BBF /* ListTopGamesSuccess.json */; };
		343045B41F1AA29700BE6BBF /* TwitchTopGamesDecodable.swift in Sources */ = {isa = PBXBuildFile; fileRef = 343045B31F1AA29700BE6BBF /* TwitchTopGamesDecodable.swift */; };
		343045BE1F1AA4A200BE6BBF /* XCTestCase+LoadJson.swift in Sources */ = {isa = PBXBuildFile; fileRef = 343045BD1F1AA4A200BE6BBF /* XCTestCase+LoadJson.swift */; };
		343045C01F1AA55700BE6BBF /* JSONDecoder+Decode.swift in Sources */ = {isa = PBXBuildFile; fileRef = 343045BF1F1AA55700BE6BBF /* JSONDecoder+Decode.swift */; };
		3458D2371F214B94004A4149 /* SaveGamesPresenter.swift in Sources */ = {isa = PBXBuildFile; fileRef = 3458D2361F214B94004A4149 /* SaveGamesPresenter.swift */; };
		346BFE911F2EB8C5009F439E /* ImageCacheException.swift in Sources */ = {isa = PBXBuildFile; fileRef = 346BFE901F2EB8C5009F439E /* ImageCacheException.swift */; };
		346BFE931F2EBAB5009F439E /* ImageCacheDictionaryGatewayTests.swift in Sources */ = {isa = PBXBuildFile; fileRef = 346BFE921F2EBAB5009F439E /* ImageCacheDictionaryGatewayTests.swift */; };
		346BFE951F2EBF69009F439E /* LoadImageRestAPIGateway.swift in Sources */ = {isa = PBXBuildFile; fileRef = 346BFE941F2EBF69009F439E /* LoadImageRestAPIGateway.swift */; };
		346BFE971F2EBFE9009F439E /* LoadImageRestAPIGatewayError.swift in Sources */ = {isa = PBXBuildFile; fileRef = 346BFE961F2EBFE9009F439E /* LoadImageRestAPIGatewayError.swift */; };
		346BFE991F2EC309009F439E /* LoadImageUsecaseFactory.swift in Sources */ = {isa = PBXBuildFile; fileRef = 346BFE981F2EC309009F439E /* LoadImageUsecaseFactory.swift */; };
		346BFE9B1F2EC33A009F439E /* LoadImageRestAPIGatewayFactory.swift in Sources */ = {isa = PBXBuildFile; fileRef = 346BFE9A1F2EC33A009F439E /* LoadImageRestAPIGatewayFactory.swift */; };
		346BFE9D1F2EC35A009F439E /* ImageCacheDictionaryGatewayFactory.swift in Sources */ = {isa = PBXBuildFile; fileRef = 346BFE9C1F2EC35A009F439E /* ImageCacheDictionaryGatewayFactory.swift */; };
		348E55281F2EB7140075445C /* ImageCacheDictionaryGateway.swift in Sources */ = {isa = PBXBuildFile; fileRef = 348E55271F2EB7140075445C /* ImageCacheDictionaryGateway.swift */; };
		349305861F2EA0AA00B2BACC /* LoadImageUsecase.swift in Sources */ = {isa = PBXBuildFile; fileRef = 349305851F2EA0AA00B2BACC /* LoadImageUsecase.swift */; };
		349305881F2EA0C800B2BACC /* ImageCacheGateway.swift in Sources */ = {isa = PBXBuildFile; fileRef = 349305871F2EA0C800B2BACC /* ImageCacheGateway.swift */; };
		3493058A1F2EA1FB00B2BACC /* LoadImagePresenter.swift in Sources */ = {isa = PBXBuildFile; fileRef = 349305891F2EA1FB00B2BACC /* LoadImagePresenter.swift */; };
		3493058C1F2EA90400B2BACC /* LoadImageGateway.swift in Sources */ = {isa = PBXBuildFile; fileRef = 3493058B1F2EA90400B2BACC /* LoadImageGateway.swift */; };
		3493058E1F2EAAFB00B2BACC /* LoadImageUsecaseTests.swift in Sources */ = {isa = PBXBuildFile; fileRef = 3493058D1F2EAAFB00B2BACC /* LoadImageUsecaseTests.swift */; };
		349305901F2EAC5500B2BACC /* LoadImagePresenterStub.swift in Sources */ = {isa = PBXBuildFile; fileRef = 3493058F1F2EAC5500B2BACC /* LoadImagePresenterStub.swift */; };
		349305921F2EACB700B2BACC /* LoadImageGatewayStub.swift in Sources */ = {isa = PBXBuildFile; fileRef = 349305911F2EACB700B2BACC /* LoadImageGatewayStub.swift */; };
		349305941F2EAD3900B2BACC /* ImageCacheGatewayStub.swift in Sources */ = {isa = PBXBuildFile; fileRef = 349305931F2EAD3900B2BACC /* ImageCacheGatewayStub.swift */; };
		3493C04E1F2019650099C58F /* ListTopGamesPresenterStub.swift in Sources */ = {isa = PBXBuildFile; fileRef = 3493C04D1F2019650099C58F /* ListTopGamesPresenterStub.swift */; };
		3493C0501F2019700099C58F /* AllGamesGatewayStub.swift in Sources */ = {isa = PBXBuildFile; fileRef = 3493C04F1F2019700099C58F /* AllGamesGatewayStub.swift */; };
		3493C0541F201D3B0099C58F /* Result.swift in Sources */ = {isa = PBXBuildFile; fileRef = 3493C0531F201D3B0099C58F /* Result.swift */; };
		3493C0571F2021B70099C58F /* PopGamesError.swift in Sources */ = {isa = PBXBuildFile; fileRef = 3493C0561F2021B70099C58F /* PopGamesError.swift */; };
		3493C05A1F2022E70099C58F /* ListTopGamesUseCase.swift in Sources */ = {isa = PBXBuildFile; fileRef = 3493C0591F2022E70099C58F /* ListTopGamesUseCase.swift */; };
		3493C05D1F2023060099C58F /* AllGamesGateway.swift in Sources */ = {isa = PBXBuildFile; fileRef = 3493C05C1F2023060099C58F /* AllGamesGateway.swift */; };
		3493C0601F20231E0099C58F /* ListTopGamesPresenter.swift in Sources */ = {isa = PBXBuildFile; fileRef = 3493C05F1F20231E0099C58F /* ListTopGamesPresenter.swift */; };
		3493C0621F20275D0099C58F /* CoreDataStack.swift in Sources */ = {isa = PBXBuildFile; fileRef = 3493C0611F20275D0099C58F /* CoreDataStack.swift */; };
		3493C0641F2028B10099C58F /* AllGamesCoreDataGateway.swift in Sources */ = {isa = PBXBuildFile; fileRef = 3493C0631F2028B10099C58F /* AllGamesCoreDataGateway.swift */; };
		3493C0771F202F0B0099C58F /* GameEntityCoreData+CoreDataClass.swift in Sources */ = {isa = PBXBuildFile; fileRef = 3493C0751F202F0B0099C58F /* GameEntityCoreData+CoreDataClass.swift */; };
		3493C0781F202F0B0099C58F /* GameEntityCoreData+CoreDataProperties.swift in Sources */ = {isa = PBXBuildFile; fileRef = 3493C0761F202F0B0099C58F /* GameEntityCoreData+CoreDataProperties.swift */; };
		3493C07A1F2030C80099C58F /* String+Constant.swift in Sources */ = {isa = PBXBuildFile; fileRef = 3493C0791F2030C80099C58F /* String+Constant.swift */; };
		3493C07D1F2031140099C58F /* Int32+ToInt.swift in Sources */ = {isa = PBXBuildFile; fileRef = 3493C07C1F2031140099C58F /* Int32+ToInt.swift */; };
		3493C0801F2044830099C58F /* AllGamesCoreDataGatewayTests.swift in Sources */ = {isa = PBXBuildFile; fileRef = 3493C07F1F2044830099C58F /* AllGamesCoreDataGatewayTests.swift */; };
		3493C0821F204BA60099C58F /* NSManagedObjectContext+InMemory.swift in Sources */ = {isa = PBXBuildFile; fileRef = 3493C0811F204BA60099C58F /* NSManagedObjectContext+InMemory.swift */; };
		34B0A3BB1F2255EA0092A3EE /* URL+Constant.swift in Sources */ = {isa = PBXBuildFile; fileRef = 34B0A3BA1F2255EA0092A3EE /* URL+Constant.swift */; };
		34B0A3BE1F228F9D0092A3EE /* AllGamesRestAPIGatewayFactory.swift in Sources */ = {isa = PBXBuildFile; fileRef = 34B0A3BD1F228F9D0092A3EE /* AllGamesRestAPIGatewayFactory.swift */; };
		34B0A3C01F228FC80092A3EE /* AllGamesCoreDataGatewayFactory.swift in Sources */ = {isa = PBXBuildFile; fileRef = 34B0A3BF1F228FC80092A3EE /* AllGamesCoreDataGatewayFactory.swift */; };
		34B0A3C21F2290A70092A3EE /* SaveGamesCoreDataGateway.swift in Sources */ = {isa = PBXBuildFile; fileRef = 34B0A3C11F2290A70092A3EE /* SaveGamesCoreDataGateway.swift */; };
		34C5C68F1F1F038D00B89151 /* ListTopGamesUseCaseTests.swift in Sources */ = {isa = PBXBuildFile; fileRef = 34C5C68E1F1F038D00B89151 /* ListTopGamesUseCaseTests.swift */; };
		34CA843C1F2ED9F7007CE715 /* GameDetailView.swift in Sources */ = {isa = PBXBuildFile; fileRef = 34CA843B1F2ED9F7007CE715 /* GameDetailView.swift */; };
		34CA843E1F2EDA1F007CE715 /* GameDetailView.xib in Resources */ = {isa = PBXBuildFile; fileRef = 34CA843D1F2EDA1F007CE715 /* GameDetailView.xib */; };
		34CA84411F2EE0BE007CE715 /* GameDetailViewController.swift in Sources */ = {isa = PBXBuildFile; fileRef = 34CA843F1F2EE0BE007CE715 /* GameDetailViewController.swift */; };
		34D2EBDD1F2162D7000F2131 /* SaveTopGamesUseCaseTests.swift in Sources */ = {isa = PBXBuildFile; fileRef = 34D2EBDC1F2162D7000F2131 /* SaveTopGamesUseCaseTests.swift */; };
		34D2EBE01F21637C000F2131 /* SaveGamesPresenterStub.swift in Sources */ = {isa = PBXBuildFile; fileRef = 34D2EBDF1F21637C000F2131 /* SaveGamesPresenterStub.swift */; };
		34D2EBE21F2163E4000F2131 /* SaveGamesGatewayStub.swift in Sources */ = {isa = PBXBuildFile; fileRef = 34D2EBE11F2163E4000F2131 /* SaveGamesGatewayStub.swift */; };
		34D2EBE41F223F7A000F2131 /* AllGamesRestAPIGateway.swift in Sources */ = {isa = PBXBuildFile; fileRef = 34D2EBE31F223F7A000F2131 /* AllGamesRestAPIGateway.swift */; };
		34D60B331F2F6B5000040F7C /* GamesCollectionViewDataProvider.swift in Sources */ = {isa = PBXBuildFile; fileRef = 34D60B321F2F6B5000040F7C /* GamesCollectionViewDataProvider.swift */; };
		34D7E62C1F233317000389CF /* SaveGamesCoreDataGatewayTests.swift in Sources */ = {isa = PBXBuildFile; fileRef = 34D7E62B1F233317000389CF /* SaveGamesCoreDataGatewayTests.swift */; };
		34D7E62E1F23366F000389CF /* SaveTopGamesUseCaseFactory.swift in Sources */ = {isa = PBXBuildFile; fileRef = 34D7E62D1F23366F000389CF /* SaveTopGamesUseCaseFactory.swift */; };
		34D7E6301F2336A9000389CF /* SaveGamesCoreDataGatewayFactory.swift in Sources */ = {isa = PBXBuildFile; fileRef = 34D7E62F1F2336A9000389CF /* SaveGamesCoreDataGatewayFactory.swift */; };
		34D7E6321F233B09000389CF /* ManagedObjectContextFactory.swift in Sources */ = {isa = PBXBuildFile; fileRef = 34D7E6311F233B09000389CF /* ManagedObjectContextFactory.swift */; };
		34D7E6341F233EA8000389CF /* CleanGamesGateway.swift in Sources */ = {isa = PBXBuildFile; fileRef = 34D7E6331F233EA8000389CF /* CleanGamesGateway.swift */; };
		34D7E6361F233ED4000389CF /* CleanGamesCoreDataGateway.swift in Sources */ = {isa = PBXBuildFile; fileRef = 34D7E6351F233ED4000389CF /* CleanGamesCoreDataGateway.swift */; };
		34D7E6381F234199000389CF /* CleanGamesCoreDataGatewayFactory.swift in Sources */ = {isa = PBXBuildFile; fileRef = 34D7E6371F234199000389CF /* CleanGamesCoreDataGatewayFactory.swift */; };
		34D7E63A1F23425A000389CF /* CleanGamesGatewayStub.swift in Sources */ = {isa = PBXBuildFile; fileRef = 34D7E6391F234259000389CF /* CleanGamesGatewayStub.swift */; };
		34D7E63C1F234DF7000389CF /* CleanGamesCoreDataGatewayTests.swift in Sources */ = {isa = PBXBuildFile; fileRef = 34D7E63B1F234DF7000389CF /* CleanGamesCoreDataGatewayTests.swift */; };
		34D7E6461F2364FC000389CF /* LoadingView.xib in Resources */ = {isa = PBXBuildFile; fileRef = 34D7E6451F2364FC000389CF /* LoadingView.xib */; };
		34D7E6481F23650C000389CF /* LoadingView.swift in Sources */ = {isa = PBXBuildFile; fileRef = 34D7E6471F23650C000389CF /* LoadingView.swift */; };
		34D7E64A1F236759000389CF /* NibLoadable.swift in Sources */ = {isa = PBXBuildFile; fileRef = 34D7E6491F236759000389CF /* NibLoadable.swift */; };
		34D7E64C1F23690C000389CF /* TimeInterval+Constant.swift in Sources */ = {isa = PBXBuildFile; fileRef = 34D7E64B1F23690C000389CF /* TimeInterval+Constant.swift */; };
		34D7E64E1F236B88000389CF /* CGFloat+Constant.swift in Sources */ = {isa = PBXBuildFile; fileRef = 34D7E64D1F236B88000389CF /* CGFloat+Constant.swift */; };
		34D7E6521F237002000389CF /* ListTopGamesUseCaseFactory.swift in Sources */ = {isa = PBXBuildFile; fileRef = 34D7E6511F237002000389CF /* ListTopGamesUseCaseFactory.swift */; };
		34D7E6561F23830B000389CF /* NotificationName+Constant.swift in Sources */ = {isa = PBXBuildFile; fileRef = 34D7E6551F23830B000389CF /* NotificationName+Constant.swift */; };
		34D7E6591F238DF0000389CF /* ListGamesView.xib in Resources */ = {isa = PBXBuildFile; fileRef = 34D7E6581F238DF0000389CF /* ListGamesView.xib */; };
		34D7E65B1F238FB2000389CF /* ListGamesView.swift in Sources */ = {isa = PBXBuildFile; fileRef = 34D7E65A1F238FB2000389CF /* ListGamesView.swift */; };
		34E4D3991F2142740065922D /* Future.swift in Sources */ = {isa = PBXBuildFile; fileRef = 34E4D3981F2142740065922D /* Future.swift */; };
		34F5B1361F23B28D002BF3FB /* GameCollectionViewCell.swift in Sources */ = {isa = PBXBuildFile; fileRef = 34F5B1341F23B28D002BF3FB /* GameCollectionViewCell.swift */; };
		34F5B1371F23B28D002BF3FB /* GameCollectionViewCell.xib in Resources */ = {isa = PBXBuildFile; fileRef = 34F5B1351F23B28D002BF3FB /* GameCollectionViewCell.xib */; };
		34FB86B11F20550600619193 /* SaveTopGamesUseCase.swift in Sources */ = {isa = PBXBuildFile; fileRef = 34FB86B01F20550600619193 /* SaveTopGamesUseCase.swift */; };
		34FB86B31F20552A00619193 /* SaveGamesGateway.swift in Sources */ = {isa = PBXBuildFile; fileRef = 34FB86B21F20552A00619193 /* SaveGamesGateway.swift */; };
/* End PBXBuildFile section */

/* Begin PBXContainerItemProxy section */
		341A12591F1718F900795FC8 /* PBXContainerItemProxy */ = {
			isa = PBXContainerItemProxy;
			containerPortal = 341A12391F1718F900795FC8 /* Project object */;
			proxyType = 1;
			remoteGlobalIDString = 341A12401F1718F900795FC8;
			remoteInfo = PopGames;
		};
/* End PBXContainerItemProxy section */

/* Begin PBXFileReference section */
		341A12411F1718F900795FC8 /* PopGames.app */ = {isa = PBXFileReference; explicitFileType = wrapper.application; includeInIndex = 0; path = PopGames.app; sourceTree = BUILT_PRODUCTS_DIR; };
		341A12441F1718F900795FC8 /* AppDelegate.swift */ = {isa = PBXFileReference; lastKnownFileType = sourcecode.swift; path = AppDelegate.swift; sourceTree = "<group>"; };
		341A12491F1718F900795FC8 /* Base */ = {isa = PBXFileReference; lastKnownFileType = file.storyboard; name = Base; path = Base.lproj/Main.storyboard; sourceTree = "<group>"; };
		341A124C1F1718F900795FC8 /* PopGames.xcdatamodel */ = {isa = PBXFileReference; lastKnownFileType = wrapper.xcdatamodel; path = PopGames.xcdatamodel; sourceTree = "<group>"; };
		341A124E1F1718F900795FC8 /* Assets.xcassets */ = {isa = PBXFileReference; lastKnownFileType = folder.assetcatalog; path = Assets.xcassets; sourceTree = "<group>"; };
		341A12511F1718F900795FC8 /* Base */ = {isa = PBXFileReference; lastKnownFileType = file.storyboard; name = Base; path = Base.lproj/LaunchScreen.storyboard; sourceTree = "<group>"; };
		341A12531F1718F900795FC8 /* Info.plist */ = {isa = PBXFileReference; lastKnownFileType = text.plist.xml; path = Info.plist; sourceTree = "<group>"; };
		341A12581F1718F900795FC8 /* PopGamesUnitTests.xctest */ = {isa = PBXFileReference; explicitFileType = wrapper.cfbundle; includeInIndex = 0; path = PopGamesUnitTests.xctest; sourceTree = BUILT_PRODUCTS_DIR; };
		341A125E1F1718F900795FC8 /* Info.plist */ = {isa = PBXFileReference; lastKnownFileType = text.plist.xml; path = Info.plist; sourceTree = "<group>"; };
		341A12801F171E3C00795FC8 /* ListGamesViewController.swift */ = {isa = PBXFileReference; lastKnownFileType = sourcecode.swift; path = ListGamesViewController.swift; sourceTree = "<group>"; };
		343045A71F1A92C400BE6BBF /* GameEntity.swift */ = {isa = PBXFileReference; lastKnownFileType = sourcecode.swift; path = GameEntity.swift; sourceTree = "<group>"; };
		343045AE1F1A95F000BE6BBF /* TwitchDecodableTests.swift */ = {isa = PBXFileReference; lastKnownFileType = sourcecode.swift; path = TwitchDecodableTests.swift; sourceTree = "<group>"; };
		343045B01F1A968600BE6BBF /* ListTopGamesSuccess.json */ = {isa = PBXFileReference; lastKnownFileType = text.json; path = ListTopGamesSuccess.json; sourceTree = "<group>"; };
		343045B31F1AA29700BE6BBF /* TwitchTopGamesDecodable.swift */ = {isa = PBXFileReference; lastKnownFileType = sourcecode.swift; path = TwitchTopGamesDecodable.swift; sourceTree = "<group>"; };
		343045BD1F1AA4A200BE6BBF /* XCTestCase+LoadJson.swift */ = {isa = PBXFileReference; lastKnownFileType = sourcecode.swift; path = "XCTestCase+LoadJson.swift"; sourceTree = "<group>"; };
		343045BF1F1AA55700BE6BBF /* JSONDecoder+Decode.swift */ = {isa = PBXFileReference; lastKnownFileType = sourcecode.swift; path = "JSONDecoder+Decode.swift"; sourceTree = "<group>"; };
		3458D2361F214B94004A4149 /* SaveGamesPresenter.swift */ = {isa = PBXFileReference; lastKnownFileType = sourcecode.swift; path = SaveGamesPresenter.swift; sourceTree = "<group>"; };
		346BFE901F2EB8C5009F439E /* ImageCacheException.swift */ = {isa = PBXFileReference; lastKnownFileType = sourcecode.swift; path = ImageCacheException.swift; sourceTree = "<group>"; };
		346BFE921F2EBAB5009F439E /* ImageCacheDictionaryGatewayTests.swift */ = {isa = PBXFileReference; lastKnownFileType = sourcecode.swift; path = ImageCacheDictionaryGatewayTests.swift; sourceTree = "<group>"; };
		346BFE941F2EBF69009F439E /* LoadImageRestAPIGateway.swift */ = {isa = PBXFileReference; lastKnownFileType = sourcecode.swift; path = LoadImageRestAPIGateway.swift; sourceTree = "<group>"; };
		346BFE961F2EBFE9009F439E /* LoadImageRestAPIGatewayError.swift */ = {isa = PBXFileReference; lastKnownFileType = sourcecode.swift; path = LoadImageRestAPIGatewayError.swift; sourceTree = "<group>"; };
		346BFE981F2EC309009F439E /* LoadImageUsecaseFactory.swift */ = {isa = PBXFileReference; lastKnownFileType = sourcecode.swift; path = LoadImageUsecaseFactory.swift; sourceTree = "<group>"; };
		346BFE9A1F2EC33A009F439E /* LoadImageRestAPIGatewayFactory.swift */ = {isa = PBXFileReference; lastKnownFileType = sourcecode.swift; path = LoadImageRestAPIGatewayFactory.swift; sourceTree = "<group>"; };
		346BFE9C1F2EC35A009F439E /* ImageCacheDictionaryGatewayFactory.swift */ = {isa = PBXFileReference; lastKnownFileType = sourcecode.swift; path = ImageCacheDictionaryGatewayFactory.swift; sourceTree = "<group>"; };
		348E55271F2EB7140075445C /* ImageCacheDictionaryGateway.swift */ = {isa = PBXFileReference; lastKnownFileType = sourcecode.swift; path = ImageCacheDictionaryGateway.swift; sourceTree = "<group>"; };
		349305851F2EA0AA00B2BACC /* LoadImageUsecase.swift */ = {isa = PBXFileReference; lastKnownFileType = sourcecode.swift; path = LoadImageUsecase.swift; sourceTree = "<group>"; };
		349305871F2EA0C800B2BACC /* ImageCacheGateway.swift */ = {isa = PBXFileReference; lastKnownFileType = sourcecode.swift; path = ImageCacheGateway.swift; sourceTree = "<group>"; };
		349305891F2EA1FB00B2BACC /* LoadImagePresenter.swift */ = {isa = PBXFileReference; lastKnownFileType = sourcecode.swift; path = LoadImagePresenter.swift; sourceTree = "<group>"; };
		3493058B1F2EA90400B2BACC /* LoadImageGateway.swift */ = {isa = PBXFileReference; lastKnownFileType = sourcecode.swift; path = LoadImageGateway.swift; sourceTree = "<group>"; };
		3493058D1F2EAAFB00B2BACC /* LoadImageUsecaseTests.swift */ = {isa = PBXFileReference; lastKnownFileType = sourcecode.swift; path = LoadImageUsecaseTests.swift; sourceTree = "<group>"; };
		3493058F1F2EAC5500B2BACC /* LoadImagePresenterStub.swift */ = {isa = PBXFileReference; lastKnownFileType = sourcecode.swift; path = LoadImagePresenterStub.swift; sourceTree = "<group>"; };
		349305911F2EACB700B2BACC /* LoadImageGatewayStub.swift */ = {isa = PBXFileReference; lastKnownFileType = sourcecode.swift; path = LoadImageGatewayStub.swift; sourceTree = "<group>"; };
		349305931F2EAD3900B2BACC /* ImageCacheGatewayStub.swift */ = {isa = PBXFileReference; lastKnownFileType = sourcecode.swift; path = ImageCacheGatewayStub.swift; sourceTree = "<group>"; };
		3493C04D1F2019650099C58F /* ListTopGamesPresenterStub.swift */ = {isa = PBXFileReference; lastKnownFileType = sourcecode.swift; path = ListTopGamesPresenterStub.swift; sourceTree = "<group>"; };
		3493C04F1F2019700099C58F /* AllGamesGatewayStub.swift */ = {isa = PBXFileReference; lastKnownFileType = sourcecode.swift; path = AllGamesGatewayStub.swift; sourceTree = "<group>"; };
		3493C0531F201D3B0099C58F /* Result.swift */ = {isa = PBXFileReference; lastKnownFileType = sourcecode.swift; path = Result.swift; sourceTree = "<group>"; };
		3493C0561F2021B70099C58F /* PopGamesError.swift */ = {isa = PBXFileReference; lastKnownFileType = sourcecode.swift; path = PopGamesError.swift; sourceTree = "<group>"; };
		3493C0591F2022E70099C58F /* ListTopGamesUseCase.swift */ = {isa = PBXFileReference; lastKnownFileType = sourcecode.swift; path = ListTopGamesUseCase.swift; sourceTree = "<group>"; };
		3493C05C1F2023060099C58F /* AllGamesGateway.swift */ = {isa = PBXFileReference; lastKnownFileType = sourcecode.swift; path = AllGamesGateway.swift; sourceTree = "<group>"; };
		3493C05F1F20231E0099C58F /* ListTopGamesPresenter.swift */ = {isa = PBXFileReference; lastKnownFileType = sourcecode.swift; path = ListTopGamesPresenter.swift; sourceTree = "<group>"; };
		3493C0611F20275D0099C58F /* CoreDataStack.swift */ = {isa = PBXFileReference; lastKnownFileType = sourcecode.swift; path = CoreDataStack.swift; sourceTree = "<group>"; };
		3493C0631F2028B10099C58F /* AllGamesCoreDataGateway.swift */ = {isa = PBXFileReference; lastKnownFileType = sourcecode.swift; path = AllGamesCoreDataGateway.swift; sourceTree = "<group>"; };
		3493C0751F202F0B0099C58F /* GameEntityCoreData+CoreDataClass.swift */ = {isa = PBXFileReference; lastKnownFileType = sourcecode.swift; path = "GameEntityCoreData+CoreDataClass.swift"; sourceTree = "<group>"; };
		3493C0761F202F0B0099C58F /* GameEntityCoreData+CoreDataProperties.swift */ = {isa = PBXFileReference; lastKnownFileType = sourcecode.swift; path = "GameEntityCoreData+CoreDataProperties.swift"; sourceTree = "<group>"; };
		3493C0791F2030C80099C58F /* String+Constant.swift */ = {isa = PBXFileReference; lastKnownFileType = sourcecode.swift; path = "String+Constant.swift"; sourceTree = "<group>"; };
		3493C07C1F2031140099C58F /* Int32+ToInt.swift */ = {isa = PBXFileReference; lastKnownFileType = sourcecode.swift; path = "Int32+ToInt.swift"; sourceTree = "<group>"; };
		3493C07F1F2044830099C58F /* AllGamesCoreDataGatewayTests.swift */ = {isa = PBXFileReference; lastKnownFileType = sourcecode.swift; path = AllGamesCoreDataGatewayTests.swift; sourceTree = "<group>"; };
		3493C0811F204BA60099C58F /* NSManagedObjectContext+InMemory.swift */ = {isa = PBXFileReference; lastKnownFileType = sourcecode.swift; path = "NSManagedObjectContext+InMemory.swift"; sourceTree = "<group>"; };
		34B0A3BA1F2255EA0092A3EE /* URL+Constant.swift */ = {isa = PBXFileReference; lastKnownFileType = sourcecode.swift; path = "URL+Constant.swift"; sourceTree = "<group>"; };
		34B0A3BD1F228F9D0092A3EE /* AllGamesRestAPIGatewayFactory.swift */ = {isa = PBXFileReference; lastKnownFileType = sourcecode.swift; path = AllGamesRestAPIGatewayFactory.swift; sourceTree = "<group>"; };
		34B0A3BF1F228FC80092A3EE /* AllGamesCoreDataGatewayFactory.swift */ = {isa = PBXFileReference; lastKnownFileType = sourcecode.swift; path = AllGamesCoreDataGatewayFactory.swift; sourceTree = "<group>"; };
		34B0A3C11F2290A70092A3EE /* SaveGamesCoreDataGateway.swift */ = {isa = PBXFileReference; lastKnownFileType = sourcecode.swift; path = SaveGamesCoreDataGateway.swift; sourceTree = "<group>"; };
		34C5C68E1F1F038D00B89151 /* ListTopGamesUseCaseTests.swift */ = {isa = PBXFileReference; lastKnownFileType = sourcecode.swift; path = ListTopGamesUseCaseTests.swift; sourceTree = "<group>"; };
		34CA843B1F2ED9F7007CE715 /* GameDetailView.swift */ = {isa = PBXFileReference; lastKnownFileType = sourcecode.swift; path = GameDetailView.swift; sourceTree = "<group>"; };
		34CA843D1F2EDA1F007CE715 /* GameDetailView.xib */ = {isa = PBXFileReference; lastKnownFileType = file.xib; path = GameDetailView.xib; sourceTree = "<group>"; };
		34CA843F1F2EE0BE007CE715 /* GameDetailViewController.swift */ = {isa = PBXFileReference; lastKnownFileType = sourcecode.swift; path = GameDetailViewController.swift; sourceTree = "<group>"; };
		34D2EBDC1F2162D7000F2131 /* SaveTopGamesUseCaseTests.swift */ = {isa = PBXFileReference; lastKnownFileType = sourcecode.swift; path = SaveTopGamesUseCaseTests.swift; sourceTree = "<group>"; };
		34D2EBDF1F21637C000F2131 /* SaveGamesPresenterStub.swift */ = {isa = PBXFileReference; lastKnownFileType = sourcecode.swift; path = SaveGamesPresenterStub.swift; sourceTree = "<group>"; };
		34D2EBE11F2163E4000F2131 /* SaveGamesGatewayStub.swift */ = {isa = PBXFileReference; lastKnownFileType = sourcecode.swift; path = SaveGamesGatewayStub.swift; sourceTree = "<group>"; };
		34D2EBE31F223F7A000F2131 /* AllGamesRestAPIGateway.swift */ = {isa = PBXFileReference; lastKnownFileType = sourcecode.swift; path = AllGamesRestAPIGateway.swift; sourceTree = "<group>"; };
		34D60B321F2F6B5000040F7C /* GamesCollectionViewDataProvider.swift */ = {isa = PBXFileReference; lastKnownFileType = sourcecode.swift; path = GamesCollectionViewDataProvider.swift; sourceTree = "<group>"; };
		34D7E62B1F233317000389CF /* SaveGamesCoreDataGatewayTests.swift */ = {isa = PBXFileReference; lastKnownFileType = sourcecode.swift; path = SaveGamesCoreDataGatewayTests.swift; sourceTree = "<group>"; };
		34D7E62D1F23366F000389CF /* SaveTopGamesUseCaseFactory.swift */ = {isa = PBXFileReference; lastKnownFileType = sourcecode.swift; path = SaveTopGamesUseCaseFactory.swift; sourceTree = "<group>"; };
		34D7E62F1F2336A9000389CF /* SaveGamesCoreDataGatewayFactory.swift */ = {isa = PBXFileReference; lastKnownFileType = sourcecode.swift; path = SaveGamesCoreDataGatewayFactory.swift; sourceTree = "<group>"; };
		34D7E6311F233B09000389CF /* ManagedObjectContextFactory.swift */ = {isa = PBXFileReference; lastKnownFileType = sourcecode.swift; path = ManagedObjectContextFactory.swift; sourceTree = "<group>"; };
		34D7E6331F233EA8000389CF /* CleanGamesGateway.swift */ = {isa = PBXFileReference; lastKnownFileType = sourcecode.swift; path = CleanGamesGateway.swift; sourceTree = "<group>"; };
		34D7E6351F233ED4000389CF /* CleanGamesCoreDataGateway.swift */ = {isa = PBXFileReference; lastKnownFileType = sourcecode.swift; path = CleanGamesCoreDataGateway.swift; sourceTree = "<group>"; };
		34D7E6371F234199000389CF /* CleanGamesCoreDataGatewayFactory.swift */ = {isa = PBXFileReference; lastKnownFileType = sourcecode.swift; path = CleanGamesCoreDataGatewayFactory.swift; sourceTree = "<group>"; };
		34D7E6391F234259000389CF /* CleanGamesGatewayStub.swift */ = {isa = PBXFileReference; lastKnownFileType = sourcecode.swift; path = CleanGamesGatewayStub.swift; sourceTree = "<group>"; };
		34D7E63B1F234DF7000389CF /* CleanGamesCoreDataGatewayTests.swift */ = {isa = PBXFileReference; lastKnownFileType = sourcecode.swift; path = CleanGamesCoreDataGatewayTests.swift; sourceTree = "<group>"; };
		34D7E6451F2364FC000389CF /* LoadingView.xib */ = {isa = PBXFileReference; lastKnownFileType = file.xib; path = LoadingView.xib; sourceTree = "<group>"; };
		34D7E6471F23650C000389CF /* LoadingView.swift */ = {isa = PBXFileReference; lastKnownFileType = sourcecode.swift; path = LoadingView.swift; sourceTree = "<group>"; };
		34D7E6491F236759000389CF /* NibLoadable.swift */ = {isa = PBXFileReference; lastKnownFileType = sourcecode.swift; path = NibLoadable.swift; sourceTree = "<group>"; };
		34D7E64B1F23690C000389CF /* TimeInterval+Constant.swift */ = {isa = PBXFileReference; lastKnownFileType = sourcecode.swift; path = "TimeInterval+Constant.swift"; sourceTree = "<group>"; };
		34D7E64D1F236B88000389CF /* CGFloat+Constant.swift */ = {isa = PBXFileReference; lastKnownFileType = sourcecode.swift; path = "CGFloat+Constant.swift"; sourceTree = "<group>"; };
		34D7E6511F237002000389CF /* ListTopGamesUseCaseFactory.swift */ = {isa = PBXFileReference; lastKnownFileType = sourcecode.swift; path = ListTopGamesUseCaseFactory.swift; sourceTree = "<group>"; };
		34D7E6551F23830B000389CF /* NotificationName+Constant.swift */ = {isa = PBXFileReference; lastKnownFileType = sourcecode.swift; path = "NotificationName+Constant.swift"; sourceTree = "<group>"; };
		34D7E6581F238DF0000389CF /* ListGamesView.xib */ = {isa = PBXFileReference; lastKnownFileType = file.xib; path = ListGamesView.xib; sourceTree = "<group>"; };
		34D7E65A1F238FB2000389CF /* ListGamesView.swift */ = {isa = PBXFileReference; lastKnownFileType = sourcecode.swift; path = ListGamesView.swift; sourceTree = "<group>"; };
		34E4D3981F2142740065922D /* Future.swift */ = {isa = PBXFileReference; lastKnownFileType = sourcecode.swift; path = Future.swift; sourceTree = "<group>"; };
		34F5B1341F23B28D002BF3FB /* GameCollectionViewCell.swift */ = {isa = PBXFileReference; lastKnownFileType = sourcecode.swift; path = GameCollectionViewCell.swift; sourceTree = "<group>"; };
		34F5B1351F23B28D002BF3FB /* GameCollectionViewCell.xib */ = {isa = PBXFileReference; lastKnownFileType = file.xib; path = GameCollectionViewCell.xib; sourceTree = "<group>"; };
		34FB86B01F20550600619193 /* SaveTopGamesUseCase.swift */ = {isa = PBXFileReference; lastKnownFileType = sourcecode.swift; path = SaveTopGamesUseCase.swift; sourceTree = "<group>"; };
		34FB86B21F20552A00619193 /* SaveGamesGateway.swift */ = {isa = PBXFileReference; lastKnownFileType = sourcecode.swift; path = SaveGamesGateway.swift; sourceTree = "<group>"; };
/* End PBXFileReference section */

/* Begin PBXFrameworksBuildPhase section */
		341A123E1F1718F900795FC8 /* Frameworks */ = {
			isa = PBXFrameworksBuildPhase;
			buildActionMask = 2147483647;
			files = (
			);
			runOnlyForDeploymentPostprocessing = 0;
		};
		341A12551F1718F900795FC8 /* Frameworks */ = {
			isa = PBXFrameworksBuildPhase;
			buildActionMask = 2147483647;
			files = (
			);
			runOnlyForDeploymentPostprocessing = 0;
		};
/* End PBXFrameworksBuildPhase section */

/* Begin PBXGroup section */
		341A12381F1718F900795FC8 = {
			isa = PBXGroup;
			children = (
				341A12431F1718F900795FC8 /* PopGames */,
				341A125B1F1718F900795FC8 /* PopGamesUnitTests */,
				341A12421F1718F900795FC8 /* Products */,
			);
			sourceTree = "<group>";
		};
		341A12421F1718F900795FC8 /* Products */ = {
			isa = PBXGroup;
			children = (
				341A12411F1718F900795FC8 /* PopGames.app */,
				341A12581F1718F900795FC8 /* PopGamesUnitTests.xctest */,
			);
			name = Products;
			sourceTree = "<group>";
		};
		341A12431F1718F900795FC8 /* PopGames */ = {
			isa = PBXGroup;
			children = (
				341A12751F17196700795FC8 /* Essentials */,
				341A127E1F171E1F00795FC8 /* Games */,
				34D7E6411F2363F3000389CF /* Shared */,
			);
			path = PopGames;
			sourceTree = "<group>";
		};
		341A125B1F1718F900795FC8 /* PopGamesUnitTests */ = {
			isa = PBXGroup;
			children = (
				343045A91F1A94EB00BE6BBF /* Essentials */,
				343045AB1F1A95CB00BE6BBF /* Games */,
			);
			path = PopGamesUnitTests;
			sourceTree = "<group>";
		};
		341A12751F17196700795FC8 /* Essentials */ = {
			isa = PBXGroup;
			children = (
				341A12441F1718F900795FC8 /* AppDelegate.swift */,
				341A124E1F1718F900795FC8 /* Assets.xcassets */,
				341A12531F1718F900795FC8 /* Info.plist */,
				341A12501F1718F900795FC8 /* LaunchScreen.storyboard */,
				341A124B1F1718F900795FC8 /* PopGames.xcdatamodeld */,
			);
			path = Essentials;
			sourceTree = "<group>";
		};
		341A127E1F171E1F00795FC8 /* Games */ = {
			isa = PBXGroup;
			children = (
				34D7E6571F238D5B000389CF /* Views */,
				341A127F1F171E2700795FC8 /* Controllers */,
				342A54DD1F172FB100479D49 /* DataSources & Delegates */,
				343045A61F1A92AC00BE6BBF /* Entities */,
				34B0A3BC1F228F7F0092A3EE /* Factories */,
				3493C05B1F2022F80099C58F /* Gateways */,
				3493C05E1F2023130099C58F /* Presenters */,
				3493C0581F2022DD0099C58F /* Usecases */,
			);
			path = Games;
			sourceTree = "<group>";
		};
		341A127F1F171E2700795FC8 /* Controllers */ = {
			isa = PBXGroup;
			children = (
				341A12801F171E3C00795FC8 /* ListGamesViewController.swift */,
				34CA843F1F2EE0BE007CE715 /* GameDetailViewController.swift */,
			);
			path = Controllers;
			sourceTree = "<group>";
		};
		342A54DD1F172FB100479D49 /* DataSources & Delegates */ = {
			isa = PBXGroup;
			children = (
				34D60B321F2F6B5000040F7C /* GamesCollectionViewDataProvider.swift */,
			);
			path = "DataSources & Delegates";
			sourceTree = "<group>";
		};
		343045A61F1A92AC00BE6BBF /* Entities */ = {
			isa = PBXGroup;
			children = (
				343045A71F1A92C400BE6BBF /* GameEntity.swift */,
				3493C0751F202F0B0099C58F /* GameEntityCoreData+CoreDataClass.swift */,
				3493C0761F202F0B0099C58F /* GameEntityCoreData+CoreDataProperties.swift */,
				343045B31F1AA29700BE6BBF /* TwitchTopGamesDecodable.swift */,
			);
			path = Entities;
			sourceTree = "<group>";
		};
		343045A91F1A94EB00BE6BBF /* Essentials */ = {
			isa = PBXGroup;
			children = (
				343045BC1F1AA48F00BE6BBF /* Extensions */,
				341A125E1F1718F900795FC8 /* Info.plist */,
			);
			path = Essentials;
			sourceTree = "<group>";
		};
		343045AB1F1A95CB00BE6BBF /* Games */ = {
			isa = PBXGroup;
			children = (
				34D2EBDE1F21636B000F2131 /* Presenters */,
				3493C07E1F2044700099C58F /* Gateways */,
				343045AD1F1A95DD00BE6BBF /* Doubles */,
				343045AC1F1A95D300BE6BBF /* Entities */,
				34C5C68D1F1F021D00B89151 /* Usecases */,
			);
			path = Games;
			sourceTree = "<group>";
		};
		343045AC1F1A95D300BE6BBF /* Entities */ = {
			isa = PBXGroup;
			children = (
				343045BB1F1AA40400BE6BBF /* Decodables */,
			);
			path = Entities;
			sourceTree = "<group>";
		};
		343045AD1F1A95DD00BE6BBF /* Doubles */ = {
			isa = PBXGroup;
			children = (
				3493C04C1F2019370099C58F /* Gateways */,
				3493C04B1F2019320099C58F /* Presenters */,
				34C5C6901F1F0B2500B89151 /* Json */,
			);
			path = Doubles;
			sourceTree = "<group>";
		};
		343045BB1F1AA40400BE6BBF /* Decodables */ = {
			isa = PBXGroup;
			children = (
				343045AE1F1A95F000BE6BBF /* TwitchDecodableTests.swift */,
			);
			path = Decodables;
			sourceTree = "<group>";
		};
		343045BC1F1AA48F00BE6BBF /* Extensions */ = {
			isa = PBXGroup;
			children = (
				343045BF1F1AA55700BE6BBF /* JSONDecoder+Decode.swift */,
				343045BD1F1AA4A200BE6BBF /* XCTestCase+LoadJson.swift */,
				3493C0811F204BA60099C58F /* NSManagedObjectContext+InMemory.swift */,
			);
			path = Extensions;
			sourceTree = "<group>";
		};
		346BFE8F1F2EB8AF009F439E /* Exceptions */ = {
			isa = PBXGroup;
			children = (
				346BFE901F2EB8C5009F439E /* ImageCacheException.swift */,
				346BFE961F2EBFE9009F439E /* LoadImageRestAPIGatewayError.swift */,
			);
			path = Exceptions;
			sourceTree = "<group>";
		};
		3493C04B1F2019320099C58F /* Presenters */ = {
			isa = PBXGroup;
			children = (
				3493058F1F2EAC5500B2BACC /* LoadImagePresenterStub.swift */,
				3493C04D1F2019650099C58F /* ListTopGamesPresenterStub.swift */,
				349305931F2EAD3900B2BACC /* ImageCacheGatewayStub.swift */,
			);
			path = Presenters;
			sourceTree = "<group>";
		};
		3493C04C1F2019370099C58F /* Gateways */ = {
			isa = PBXGroup;
			children = (
				349305911F2EACB700B2BACC /* LoadImageGatewayStub.swift */,
				34D2EBE11F2163E4000F2131 /* SaveGamesGatewayStub.swift */,
				3493C04F1F2019700099C58F /* AllGamesGatewayStub.swift */,
				34D7E6391F234259000389CF /* CleanGamesGatewayStub.swift */,
			);
			path = Gateways;
			sourceTree = "<group>";
		};
		3493C0551F2021A40099C58F /* Helpers */ = {
			isa = PBXGroup;
			children = (
				3493C0611F20275D0099C58F /* CoreDataStack.swift */,
				34E4D3981F2142740065922D /* Future.swift */,
				34D7E6491F236759000389CF /* NibLoadable.swift */,
				3493C0561F2021B70099C58F /* PopGamesError.swift */,
				3493C0531F201D3B0099C58F /* Result.swift */,
			);
			path = Helpers;
			sourceTree = "<group>";
		};
		3493C0581F2022DD0099C58F /* Usecases */ = {
			isa = PBXGroup;
			children = (
				3493C0591F2022E70099C58F /* ListTopGamesUseCase.swift */,
				349305851F2EA0AA00B2BACC /* LoadImageUsecase.swift */,
				34FB86B01F20550600619193 /* SaveTopGamesUseCase.swift */,
			);
			path = Usecases;
			sourceTree = "<group>";
		};
		3493C05B1F2022F80099C58F /* Gateways */ = {
			isa = PBXGroup;
			children = (
				3493C0631F2028B10099C58F /* AllGamesCoreDataGateway.swift */,
				3493C05C1F2023060099C58F /* AllGamesGateway.swift */,
				34D2EBE31F223F7A000F2131 /* AllGamesRestAPIGateway.swift */,
				34D7E6351F233ED4000389CF /* CleanGamesCoreDataGateway.swift */,
				34D7E6331F233EA8000389CF /* CleanGamesGateway.swift */,
				348E55271F2EB7140075445C /* ImageCacheDictionaryGateway.swift */,
				349305871F2EA0C800B2BACC /* ImageCacheGateway.swift */,
				3493058B1F2EA90400B2BACC /* LoadImageGateway.swift */,
				346BFE941F2EBF69009F439E /* LoadImageRestAPIGateway.swift */,
				34B0A3C11F2290A70092A3EE /* SaveGamesCoreDataGateway.swift */,
				34FB86B21F20552A00619193 /* SaveGamesGateway.swift */,
			);
			path = Gateways;
			sourceTree = "<group>";
		};
		3493C05E1F2023130099C58F /* Presenters */ = {
			isa = PBXGroup;
			children = (
				3493C05F1F20231E0099C58F /* ListTopGamesPresenter.swift */,
				349305891F2EA1FB00B2BACC /* LoadImagePresenter.swift */,
				3458D2361F214B94004A4149 /* SaveGamesPresenter.swift */,
			);
			path = Presenters;
			sourceTree = "<group>";
		};
		3493C07B1F2031080099C58F /* Extensions */ = {
			isa = PBXGroup;
			children = (
				34D7E64D1F236B88000389CF /* CGFloat+Constant.swift */,
				3493C07C1F2031140099C58F /* Int32+ToInt.swift */,
				3493C0791F2030C80099C58F /* String+Constant.swift */,
				34D7E64B1F23690C000389CF /* TimeInterval+Constant.swift */,
				34B0A3BA1F2255EA0092A3EE /* URL+Constant.swift */,
				34D7E6551F23830B000389CF /* NotificationName+Constant.swift */,
			);
			path = Extensions;
			sourceTree = "<group>";
		};
		3493C07E1F2044700099C58F /* Gateways */ = {
			isa = PBXGroup;
			children = (
				3493C07F1F2044830099C58F /* AllGamesCoreDataGatewayTests.swift */,
				34D7E62B1F233317000389CF /* SaveGamesCoreDataGatewayTests.swift */,
				34D7E63B1F234DF7000389CF /* CleanGamesCoreDataGatewayTests.swift */,
				346BFE921F2EBAB5009F439E /* ImageCacheDictionaryGatewayTests.swift */,
			);
			path = Gateways;
			sourceTree = "<group>";
		};
		34B0A3BC1F228F7F0092A3EE /* Factories */ = {
			isa = PBXGroup;
			children = (
				34B0A3BF1F228FC80092A3EE /* AllGamesCoreDataGatewayFactory.swift */,
				34B0A3BD1F228F9D0092A3EE /* AllGamesRestAPIGatewayFactory.swift */,
				34D7E6371F234199000389CF /* CleanGamesCoreDataGatewayFactory.swift */,
				346BFE9C1F2EC35A009F439E /* ImageCacheDictionaryGatewayFactory.swift */,
				34D7E6511F237002000389CF /* ListTopGamesUseCaseFactory.swift */,
				346BFE9A1F2EC33A009F439E /* LoadImageRestAPIGatewayFactory.swift */,
				346BFE981F2EC309009F439E /* LoadImageUsecaseFactory.swift */,
				34D7E6311F233B09000389CF /* ManagedObjectContextFactory.swift */,
				34D7E62F1F2336A9000389CF /* SaveGamesCoreDataGatewayFactory.swift */,
				34D7E62D1F23366F000389CF /* SaveTopGamesUseCaseFactory.swift */,
			);
			path = Factories;
			sourceTree = "<group>";
		};
		34C5C68D1F1F021D00B89151 /* Usecases */ = {
			isa = PBXGroup;
			children = (
				34C5C68E1F1F038D00B89151 /* ListTopGamesUseCaseTests.swift */,
				34D2EBDC1F2162D7000F2131 /* SaveTopGamesUseCaseTests.swift */,
				3493058D1F2EAAFB00B2BACC /* LoadImageUsecaseTests.swift */,
			);
			path = Usecases;
			sourceTree = "<group>";
		};
		34C5C6901F1F0B2500B89151 /* Json */ = {
			isa = PBXGroup;
			children = (
				343045B01F1A968600BE6BBF /* ListTopGamesSuccess.json */,
			);
			path = Json;
			sourceTree = "<group>";
		};
		34D2EBDE1F21636B000F2131 /* Presenters */ = {
			isa = PBXGroup;
			children = (
				34D2EBDF1F21637C000F2131 /* SaveGamesPresenterStub.swift */,
			);
			path = Presenters;
			sourceTree = "<group>";
		};
		34D7E6411F2363F3000389CF /* Shared */ = {
			isa = PBXGroup;
			children = (
				346BFE8F1F2EB8AF009F439E /* Exceptions */,
				34D7E6421F23643B000389CF /* Views */,
				3493C07B1F2031080099C58F /* Extensions */,
				3493C0551F2021A40099C58F /* Helpers */,
			);
			path = Shared;
			sourceTree = "<group>";
		};
		34D7E6421F23643B000389CF /* Views */ = {
			isa = PBXGroup;
			children = (
				34D7E6471F23650C000389CF /* LoadingView.swift */,
				34D7E6451F2364FC000389CF /* LoadingView.xib */,
				341A12481F1718F900795FC8 /* Main.storyboard */,
			);
			path = Views;
			sourceTree = "<group>";
		};
		34D7E6571F238D5B000389CF /* Views */ = {
			isa = PBXGroup;
			children = (
				34F5B1341F23B28D002BF3FB /* GameCollectionViewCell.swift */,
				34F5B1351F23B28D002BF3FB /* GameCollectionViewCell.xib */,
				34D7E65A1F238FB2000389CF /* ListGamesView.swift */,
				34D7E6581F238DF0000389CF /* ListGamesView.xib */,
				34CA843B1F2ED9F7007CE715 /* GameDetailView.swift */,
				34CA843D1F2EDA1F007CE715 /* GameDetailView.xib */,
			);
			path = Views;
			sourceTree = "<group>";
		};
/* End PBXGroup section */

/* Begin PBXNativeTarget section */
		341A12401F1718F900795FC8 /* PopGames */ = {
			isa = PBXNativeTarget;
			buildConfigurationList = 341A126C1F1718F900795FC8 /* Build configuration list for PBXNativeTarget "PopGames" */;
			buildPhases = (
				341A123D1F1718F900795FC8 /* Sources */,
				341A123E1F1718F900795FC8 /* Frameworks */,
				341A123F1F1718F900795FC8 /* Resources */,
				341A127B1F171CED00795FC8 /* Swift Lint */,
			);
			buildRules = (
			);
			dependencies = (
			);
			name = PopGames;
			productName = PopGames;
			productReference = 341A12411F1718F900795FC8 /* PopGames.app */;
			productType = "com.apple.product-type.application";
		};
		341A12571F1718F900795FC8 /* PopGamesUnitTests */ = {
			isa = PBXNativeTarget;
			buildConfigurationList = 341A126F1F1718F900795FC8 /* Build configuration list for PBXNativeTarget "PopGamesUnitTests" */;
			buildPhases = (
				341A12541F1718F900795FC8 /* Sources */,
				341A12551F1718F900795FC8 /* Frameworks */,
				341A12561F1718F900795FC8 /* Resources */,
			);
			buildRules = (
			);
			dependencies = (
				341A125A1F1718F900795FC8 /* PBXTargetDependency */,
			);
			name = PopGamesUnitTests;
			productName = PopGamesTests;
			productReference = 341A12581F1718F900795FC8 /* PopGamesUnitTests.xctest */;
			productType = "com.apple.product-type.bundle.unit-test";
		};
/* End PBXNativeTarget section */

/* Begin PBXProject section */
		341A12391F1718F900795FC8 /* Project object */ = {
			isa = PBXProject;
			attributes = {
				LastSwiftUpdateCheck = 0900;
				LastUpgradeCheck = 0900;
				ORGANIZATIONNAME = "Ronan R. Nunes";
				TargetAttributes = {
					341A12401F1718F900795FC8 = {
						CreatedOnToolsVersion = 9.0;
					};
					341A12571F1718F900795FC8 = {
						CreatedOnToolsVersion = 9.0;
						LastSwiftMigration = 0900;
						TestTargetID = 341A12401F1718F900795FC8;
					};
				};
			};
			buildConfigurationList = 341A123C1F1718F900795FC8 /* Build configuration list for PBXProject "PopGames" */;
			compatibilityVersion = "Xcode 8.0";
			developmentRegion = en;
			hasScannedForEncodings = 0;
			knownRegions = (
				en,
				Base,
			);
			mainGroup = 341A12381F1718F900795FC8;
			productRefGroup = 341A12421F1718F900795FC8 /* Products */;
			projectDirPath = "";
			projectRoot = "";
			targets = (
				341A12401F1718F900795FC8 /* PopGames */,
				341A12571F1718F900795FC8 /* PopGamesUnitTests */,
			);
		};
/* End PBXProject section */

/* Begin PBXResourcesBuildPhase section */
		341A123F1F1718F900795FC8 /* Resources */ = {
			isa = PBXResourcesBuildPhase;
			buildActionMask = 2147483647;
			files = (
				341A12521F1718F900795FC8 /* LaunchScreen.storyboard in Resources */,
				34D7E6461F2364FC000389CF /* LoadingView.xib in Resources */,
				34F5B1371F23B28D002BF3FB /* GameCollectionViewCell.xib in Resources */,
				341A124F1F1718F900795FC8 /* Assets.xcassets in Resources */,
				341A124A1F1718F900795FC8 /* Main.storyboard in Resources */,
				34CA843E1F2EDA1F007CE715 /* GameDetailView.xib in Resources */,
				34D7E6591F238DF0000389CF /* ListGamesView.xib in Resources */,
			);
			runOnlyForDeploymentPostprocessing = 0;
		};
		341A12561F1718F900795FC8 /* Resources */ = {
			isa = PBXResourcesBuildPhase;
			buildActionMask = 2147483647;
			files = (
				343045B11F1A968600BE6BBF /* ListTopGamesSuccess.json in Resources */,
			);
			runOnlyForDeploymentPostprocessing = 0;
		};
/* End PBXResourcesBuildPhase section */

/* Begin PBXShellScriptBuildPhase section */
		341A127B1F171CED00795FC8 /* Swift Lint */ = {
			isa = PBXShellScriptBuildPhase;
			buildActionMask = 2147483647;
			files = (
			);
			inputPaths = (
			);
			name = "Swift Lint";
			outputPaths = (
			);
			runOnlyForDeploymentPostprocessing = 0;
			shellPath = /bin/sh;
			shellScript = "if which swiftlint >/dev/null; then\n    swiftlint\nelse\n    echo \"Install SwiftLint: https://github.com/realm/SwiftLint\"\nfi";
		};
/* End PBXShellScriptBuildPhase section */

/* Begin PBXSourcesBuildPhase section */
		341A123D1F1718F900795FC8 /* Sources */ = {
			isa = PBXSourcesBuildPhase;
			buildActionMask = 2147483647;
			files = (
				3493C0541F201D3B0099C58F /* Result.swift in Sources */,
				343045A81F1A92C400BE6BBF /* GameEntity.swift in Sources */,
				346BFE9D1F2EC35A009F439E /* ImageCacheDictionaryGatewayFactory.swift in Sources */,
				346BFE991F2EC309009F439E /* LoadImageUsecaseFactory.swift in Sources */,
				34FB86B31F20552A00619193 /* SaveGamesGateway.swift in Sources */,
				341A12451F1718F900795FC8 /* AppDelegate.swift in Sources */,
				34D7E6521F237002000389CF /* ListTopGamesUseCaseFactory.swift in Sources */,
				3493058A1F2EA1FB00B2BACC /* LoadImagePresenter.swift in Sources */,
				341A12811F171E3C00795FC8 /* ListGamesViewController.swift in Sources */,
				3493C0601F20231E0099C58F /* ListTopGamesPresenter.swift in Sources */,
				34E4D3991F2142740065922D /* Future.swift in Sources */,
				3493C0621F20275D0099C58F /* CoreDataStack.swift in Sources */,
				343045B41F1AA29700BE6BBF /* TwitchTopGamesDecodable.swift in Sources */,
				34D7E6341F233EA8000389CF /* CleanGamesGateway.swift in Sources */,
				34D7E64E1F236B88000389CF /* CGFloat+Constant.swift in Sources */,
				3493C07A1F2030C80099C58F /* String+Constant.swift in Sources */,
				34D7E6381F234199000389CF /* CleanGamesCoreDataGatewayFactory.swift in Sources */,
				34D7E62E1F23366F000389CF /* SaveTopGamesUseCaseFactory.swift in Sources */,
				3493C0781F202F0B0099C58F /* GameEntityCoreData+CoreDataProperties.swift in Sources */,
				34B0A3C21F2290A70092A3EE /* SaveGamesCoreDataGateway.swift in Sources */,
				34CA843C1F2ED9F7007CE715 /* GameDetailView.swift in Sources */,
				349305881F2EA0C800B2BACC /* ImageCacheGateway.swift in Sources */,
				34D7E6301F2336A9000389CF /* SaveGamesCoreDataGatewayFactory.swift in Sources */,
				34B0A3BB1F2255EA0092A3EE /* URL+Constant.swift in Sources */,
				348E55281F2EB7140075445C /* ImageCacheDictionaryGateway.swift in Sources */,
				3458D2371F214B94004A4149 /* SaveGamesPresenter.swift in Sources */,
				34B0A3BE1F228F9D0092A3EE /* AllGamesRestAPIGatewayFactory.swift in Sources */,
				34D7E6481F23650C000389CF /* LoadingView.swift in Sources */,
				34D60B331F2F6B5000040F7C /* GamesCollectionViewDataProvider.swift in Sources */,
				34D7E6561F23830B000389CF /* NotificationName+Constant.swift in Sources */,
				349305861F2EA0AA00B2BACC /* LoadImageUsecase.swift in Sources */,
				34D7E64C1F23690C000389CF /* TimeInterval+Constant.swift in Sources */,
				346BFE971F2EBFE9009F439E /* LoadImageRestAPIGatewayError.swift in Sources */,
				34D2EBE41F223F7A000F2131 /* AllGamesRestAPIGateway.swift in Sources */,
				34D7E64A1F236759000389CF /* NibLoadable.swift in Sources */,
				3493C07D1F2031140099C58F /* Int32+ToInt.swift in Sources */,
				34B0A3C01F228FC80092A3EE /* AllGamesCoreDataGatewayFactory.swift in Sources */,
				34D7E65B1F238FB2000389CF /* ListGamesView.swift in Sources */,
				3493C05D1F2023060099C58F /* AllGamesGateway.swift in Sources */,
				3493C0641F2028B10099C58F /* AllGamesCoreDataGateway.swift in Sources */,
				346BFE951F2EBF69009F439E /* LoadImageRestAPIGateway.swift in Sources */,
				346BFE911F2EB8C5009F439E /* ImageCacheException.swift in Sources */,
				3493C0571F2021B70099C58F /* PopGamesError.swift in Sources */,
				34FB86B11F20550600619193 /* SaveTopGamesUseCase.swift in Sources */,
				341A124D1F1718F900795FC8 /* PopGames.xcdatamodeld in Sources */,
				3493C05A1F2022E70099C58F /* ListTopGamesUseCase.swift in Sources */,
				34F5B1361F23B28D002BF3FB /* GameCollectionViewCell.swift in Sources */,
				3493058C1F2EA90400B2BACC /* LoadImageGateway.swift in Sources */,
				34CA84411F2EE0BE007CE715 /* GameDetailViewController.swift in Sources */,
				3493C0771F202F0B0099C58F /* GameEntityCoreData+CoreDataClass.swift in Sources */,
				34D7E6321F233B09000389CF /* ManagedObjectContextFactory.swift in Sources */,
				34D7E6361F233ED4000389CF /* CleanGamesCoreDataGateway.swift in Sources */,
				346BFE9B1F2EC33A009F439E /* LoadImageRestAPIGatewayFactory.swift in Sources */,
			);
			runOnlyForDeploymentPostprocessing = 0;
		};
		341A12541F1718F900795FC8 /* Sources */ = {
			isa = PBXSourcesBuildPhase;
			buildActionMask = 2147483647;
			files = (
				349305901F2EAC5500B2BACC /* LoadImagePresenterStub.swift in Sources */,
				349305921F2EACB700B2BACC /* LoadImageGatewayStub.swift in Sources */,
				3493C0501F2019700099C58F /* AllGamesGatewayStub.swift in Sources */,
				343045BE1F1AA4A200BE6BBF /* XCTestCase+LoadJson.swift in Sources */,
				34C5C68F1F1F038D00B89151 /* ListTopGamesUseCaseTests.swift in Sources */,
				3493C04E1F2019650099C58F /* ListTopGamesPresenterStub.swift in Sources */,
				34D2EBDD1F2162D7000F2131 /* SaveTopGamesUseCaseTests.swift in Sources */,
				34D2EBE01F21637C000F2131 /* SaveGamesPresenterStub.swift in Sources */,
				34D7E63A1F23425A000389CF /* CleanGamesGatewayStub.swift in Sources */,
				349305941F2EAD3900B2BACC /* ImageCacheGatewayStub.swift in Sources */,
				34D7E62C1F233317000389CF /* SaveGamesCoreDataGatewayTests.swift in Sources */,
				346BFE931F2EBAB5009F439E /* ImageCacheDictionaryGatewayTests.swift in Sources */,
				3493C0801F2044830099C58F /* AllGamesCoreDataGatewayTests.swift in Sources */,
				34D7E63C1F234DF7000389CF /* CleanGamesCoreDataGatewayTests.swift in Sources */,
				3493C0821F204BA60099C58F /* NSManagedObjectContext+InMemory.swift in Sources */,
				3493058E1F2EAAFB00B2BACC /* LoadImageUsecaseTests.swift in Sources */,
				343045C01F1AA55700BE6BBF /* JSONDecoder+Decode.swift in Sources */,
				34D2EBE21F2163E4000F2131 /* SaveGamesGatewayStub.swift in Sources */,
				343045AF1F1A95F000BE6BBF /* TwitchDecodableTests.swift in Sources */,
			);
			runOnlyForDeploymentPostprocessing = 0;
		};
/* End PBXSourcesBuildPhase section */

/* Begin PBXTargetDependency section */
		341A125A1F1718F900795FC8 /* PBXTargetDependency */ = {
			isa = PBXTargetDependency;
			target = 341A12401F1718F900795FC8 /* PopGames */;
			targetProxy = 341A12591F1718F900795FC8 /* PBXContainerItemProxy */;
		};
/* End PBXTargetDependency section */

/* Begin PBXVariantGroup section */
		341A12481F1718F900795FC8 /* Main.storyboard */ = {
			isa = PBXVariantGroup;
			children = (
				341A12491F1718F900795FC8 /* Base */,
			);
			name = Main.storyboard;
			sourceTree = "<group>";
		};
		341A12501F1718F900795FC8 /* LaunchScreen.storyboard */ = {
			isa = PBXVariantGroup;
			children = (
				341A12511F1718F900795FC8 /* Base */,
			);
			name = LaunchScreen.storyboard;
			sourceTree = "<group>";
		};
/* End PBXVariantGroup section */

/* Begin XCBuildConfiguration section */
		341A126A1F1718F900795FC8 /* Debug */ = {
			isa = XCBuildConfiguration;
			buildSettings = {
				ALWAYS_SEARCH_USER_PATHS = NO;
				CLANG_ANALYZER_NONNULL = YES;
				CLANG_ANALYZER_NUMBER_OBJECT_CONVERSION = YES_AGGRESSIVE;
				CLANG_CXX_LANGUAGE_STANDARD = "gnu++14";
				CLANG_CXX_LIBRARY = "libc++";
				CLANG_ENABLE_CODE_COVERAGE = YES;
				CLANG_ENABLE_MODULES = YES;
				CLANG_ENABLE_OBJC_ARC = YES;
				CLANG_WARN_BLOCK_CAPTURE_AUTORELEASING = YES;
				CLANG_WARN_BOOL_CONVERSION = YES;
				CLANG_WARN_COMMA = YES;
				CLANG_WARN_CONSTANT_CONVERSION = YES;
				CLANG_WARN_DIRECT_OBJC_ISA_USAGE = YES_ERROR;
				CLANG_WARN_DOCUMENTATION_COMMENTS = YES;
				CLANG_WARN_EMPTY_BODY = YES;
				CLANG_WARN_ENUM_CONVERSION = YES;
				CLANG_WARN_INFINITE_RECURSION = YES;
				CLANG_WARN_INT_CONVERSION = YES;
				CLANG_WARN_OBJC_ROOT_CLASS = YES_ERROR;
				CLANG_WARN_RANGE_LOOP_ANALYSIS = YES;
				CLANG_WARN_STRICT_PROTOTYPES = YES;
				CLANG_WARN_SUSPICIOUS_MOVE = YES;
				CLANG_WARN_UNGUARDED_AVAILABILITY = YES_AGGRESSIVE;
				CLANG_WARN_UNREACHABLE_CODE = YES;
				CLANG_WARN__DUPLICATE_METHOD_MATCH = YES;
				CODE_SIGN_IDENTITY = "iPhone Developer";
				COPY_PHASE_STRIP = NO;
				DEBUG_INFORMATION_FORMAT = dwarf;
				ENABLE_STRICT_OBJC_MSGSEND = YES;
				ENABLE_TESTABILITY = YES;
				GCC_C_LANGUAGE_STANDARD = gnu11;
				GCC_DYNAMIC_NO_PIC = NO;
				GCC_NO_COMMON_BLOCKS = YES;
				GCC_OPTIMIZATION_LEVEL = 0;
				GCC_PREPROCESSOR_DEFINITIONS = (
					"DEBUG=1",
					"$(inherited)",
				);
				GCC_WARN_64_TO_32_BIT_CONVERSION = YES;
				GCC_WARN_ABOUT_RETURN_TYPE = YES_ERROR;
				GCC_WARN_UNDECLARED_SELECTOR = YES;
				GCC_WARN_UNINITIALIZED_AUTOS = YES_AGGRESSIVE;
				GCC_WARN_UNUSED_FUNCTION = YES;
				GCC_WARN_UNUSED_VARIABLE = YES;
				IPHONEOS_DEPLOYMENT_TARGET = 11.0;
				MTL_ENABLE_DEBUG_INFO = YES;
				ONLY_ACTIVE_ARCH = YES;
				SDKROOT = iphoneos;
				SWIFT_ACTIVE_COMPILATION_CONDITIONS = DEBUG;
				SWIFT_OPTIMIZATION_LEVEL = "-Onone";
			};
			name = Debug;
		};
		341A126B1F1718F900795FC8 /* Release */ = {
			isa = XCBuildConfiguration;
			buildSettings = {
				ALWAYS_SEARCH_USER_PATHS = NO;
				CLANG_ANALYZER_NONNULL = YES;
				CLANG_ANALYZER_NUMBER_OBJECT_CONVERSION = YES_AGGRESSIVE;
				CLANG_CXX_LANGUAGE_STANDARD = "gnu++14";
				CLANG_CXX_LIBRARY = "libc++";
				CLANG_ENABLE_CODE_COVERAGE = YES;
				CLANG_ENABLE_MODULES = YES;
				CLANG_ENABLE_OBJC_ARC = YES;
				CLANG_WARN_BLOCK_CAPTURE_AUTORELEASING = YES;
				CLANG_WARN_BOOL_CONVERSION = YES;
				CLANG_WARN_COMMA = YES;
				CLANG_WARN_CONSTANT_CONVERSION = YES;
				CLANG_WARN_DIRECT_OBJC_ISA_USAGE = YES_ERROR;
				CLANG_WARN_DOCUMENTATION_COMMENTS = YES;
				CLANG_WARN_EMPTY_BODY = YES;
				CLANG_WARN_ENUM_CONVERSION = YES;
				CLANG_WARN_INFINITE_RECURSION = YES;
				CLANG_WARN_INT_CONVERSION = YES;
				CLANG_WARN_OBJC_ROOT_CLASS = YES_ERROR;
				CLANG_WARN_RANGE_LOOP_ANALYSIS = YES;
				CLANG_WARN_STRICT_PROTOTYPES = YES;
				CLANG_WARN_SUSPICIOUS_MOVE = YES;
				CLANG_WARN_UNGUARDED_AVAILABILITY = YES_AGGRESSIVE;
				CLANG_WARN_UNREACHABLE_CODE = YES;
				CLANG_WARN__DUPLICATE_METHOD_MATCH = YES;
				CODE_SIGN_IDENTITY = "iPhone Developer";
				COPY_PHASE_STRIP = NO;
				DEBUG_INFORMATION_FORMAT = "dwarf-with-dsym";
				ENABLE_NS_ASSERTIONS = NO;
				ENABLE_STRICT_OBJC_MSGSEND = YES;
				GCC_C_LANGUAGE_STANDARD = gnu11;
				GCC_NO_COMMON_BLOCKS = YES;
				GCC_WARN_64_TO_32_BIT_CONVERSION = YES;
				GCC_WARN_ABOUT_RETURN_TYPE = YES_ERROR;
				GCC_WARN_UNDECLARED_SELECTOR = YES;
				GCC_WARN_UNINITIALIZED_AUTOS = YES_AGGRESSIVE;
				GCC_WARN_UNUSED_FUNCTION = YES;
				GCC_WARN_UNUSED_VARIABLE = YES;
				IPHONEOS_DEPLOYMENT_TARGET = 11.0;
				MTL_ENABLE_DEBUG_INFO = NO;
				SDKROOT = iphoneos;
				SWIFT_OPTIMIZATION_LEVEL = "-Owholemodule";
				VALIDATE_PRODUCT = YES;
			};
			name = Release;
		};
		341A126D1F1718F900795FC8 /* Debug */ = {
			isa = XCBuildConfiguration;
			buildSettings = {
				ASSETCATALOG_COMPILER_APPICON_NAME = AppIcon;
				DEVELOPMENT_TEAM = 2729VXDM4D;
				INFOPLIST_FILE = "$(SRCROOT)/PopGames/Essentials/Info.plist";
				LD_RUNPATH_SEARCH_PATHS = "$(inherited) @executable_path/Frameworks";
				PRODUCT_BUNDLE_IDENTIFIER = com.ronanrodrigo.PopGames;
				PRODUCT_NAME = "$(TARGET_NAME)";
				SWIFT_VERSION = 4.0;
				TARGETED_DEVICE_FAMILY = "1,2";
			};
			name = Debug;
		};
		341A126E1F1718F900795FC8 /* Release */ = {
			isa = XCBuildConfiguration;
			buildSettings = {
				ASSETCATALOG_COMPILER_APPICON_NAME = AppIcon;
				DEVELOPMENT_TEAM = 2729VXDM4D;
				INFOPLIST_FILE = "$(SRCROOT)/PopGames/Essentials/Info.plist";
				LD_RUNPATH_SEARCH_PATHS = "$(inherited) @executable_path/Frameworks";
				PRODUCT_BUNDLE_IDENTIFIER = com.ronanrodrigo.PopGames;
				PRODUCT_NAME = "$(TARGET_NAME)";
				SWIFT_VERSION = 4.0;
				TARGETED_DEVICE_FAMILY = "1,2";
			};
			name = Release;
		};
		341A12701F1718F900795FC8 /* Debug */ = {
			isa = XCBuildConfiguration;
			buildSettings = {
				ALWAYS_EMBED_SWIFT_STANDARD_LIBRARIES = YES;
				BUNDLE_LOADER = "$(TEST_HOST)";
				CLANG_ENABLE_MODULES = YES;
				DEVELOPMENT_TEAM = 2729VXDM4D;
				INFOPLIST_FILE = PopGamesUnitTests/Essentials/Info.plist;
				LD_RUNPATH_SEARCH_PATHS = "$(inherited) @executable_path/Frameworks @loader_path/Frameworks";
				PRODUCT_BUNDLE_IDENTIFIER = com.ronanrodrigo.PopGamesTests;
				PRODUCT_NAME = "$(TARGET_NAME)";
				SWIFT_OPTIMIZATION_LEVEL = "-Onone";
				SWIFT_VERSION = 4.0;
				TARGETED_DEVICE_FAMILY = "1,2";
				TEST_HOST = "$(BUILT_PRODUCTS_DIR)/PopGames.app/PopGames";
			};
			name = Debug;
		};
		341A12711F1718F900795FC8 /* Release */ = {
			isa = XCBuildConfiguration;
			buildSettings = {
				ALWAYS_EMBED_SWIFT_STANDARD_LIBRARIES = YES;
				BUNDLE_LOADER = "$(TEST_HOST)";
				CLANG_ENABLE_MODULES = YES;
				DEVELOPMENT_TEAM = 2729VXDM4D;
				INFOPLIST_FILE = PopGamesUnitTests/Essentials/Info.plist;
				LD_RUNPATH_SEARCH_PATHS = "$(inherited) @executable_path/Frameworks @loader_path/Frameworks";
				PRODUCT_BUNDLE_IDENTIFIER = com.ronanrodrigo.PopGamesTests;
				PRODUCT_NAME = "$(TARGET_NAME)";
				SWIFT_VERSION = 4.0;
				TARGETED_DEVICE_FAMILY = "1,2";
				TEST_HOST = "$(BUILT_PRODUCTS_DIR)/PopGames.app/PopGames";
			};
			name = Release;
		};
/* End XCBuildConfiguration section */

/* Begin XCConfigurationList section */
		341A123C1F1718F900795FC8 /* Build configuration list for PBXProject "PopGames" */ = {
			isa = XCConfigurationList;
			buildConfigurations = (
				341A126A1F1718F900795FC8 /* Debug */,
				341A126B1F1718F900795FC8 /* Release */,
			);
			defaultConfigurationIsVisible = 0;
			defaultConfigurationName = Release;
		};
		341A126C1F1718F900795FC8 /* Build configuration list for PBXNativeTarget "PopGames" */ = {
			isa = XCConfigurationList;
			buildConfigurations = (
				341A126D1F1718F900795FC8 /* Debug */,
				341A126E1F1718F900795FC8 /* Release */,
			);
			defaultConfigurationIsVisible = 0;
			defaultConfigurationName = Release;
		};
		341A126F1F1718F900795FC8 /* Build configuration list for PBXNativeTarget "PopGamesUnitTests" */ = {
			isa = XCConfigurationList;
			buildConfigurations = (
				341A12701F1718F900795FC8 /* Debug */,
				341A12711F1718F900795FC8 /* Release */,
			);
			defaultConfigurationIsVisible = 0;
			defaultConfigurationName = Release;
		};
/* End XCConfigurationList section */

/* Begin XCVersionGroup section */
		341A124B1F1718F900795FC8 /* PopGames.xcdatamodeld */ = {
			isa = XCVersionGroup;
			children = (
				341A124C1F1718F900795FC8 /* PopGames.xcdatamodel */,
			);
			currentVersion = 341A124C1F1718F900795FC8 /* PopGames.xcdatamodel */;
			path = PopGames.xcdatamodeld;
			sourceTree = "<group>";
			versionGroupType = wrapper.xcdatamodel;
		};
/* End XCVersionGroup section */
	};
	rootObject = 341A12391F1718F900795FC8 /* Project object */;
}
